
Microsoft Visual Studio Solution File, Format Version 12.00
# Visual Studio Version 17
VisualStudioVersion = 17.10.35013.160
MinimumVisualStudioVersion = 10.0.40219.1
Project("{FAE04EC0-301F-11D3-BF4B-00C04F79EFBC}") = "SAC_MovieMaster", "SAC_MovieMaster\SAC_MovieMaster.csproj", "{0E618103-C13E-4623-9B33-4DFF6E0665FC}"
EndProject
Global
	GlobalSection(SolutionConfigurationPlatforms) = preSolution
		Debug|Any CPU = Debug|Any CPU
		Release|Any CPU = Release|Any CPU
	EndGlobalSection
	GlobalSection(ProjectConfigurationPlatforms) = postSolution
		{0E618103-C13E-4623-9B33-4DFF6E0665FC}.Debug|Any CPU.ActiveCfg = Debug|Any CPU
		{0E618103-C13E-4623-9B33-4DFF6E0665FC}.Debug|Any CPU.Build.0 = Debug|Any CPU
		{0E618103-C13E-4623-9B33-4DFF6E0665FC}.Release|Any CPU.ActiveCfg = Release|Any CPU
		{0E618103-C13E-4623-9B33-4DFF6E0665FC}.Release|Any CPU.Build.0 = Release|Any CPU
	EndGlobalSection
	GlobalSection(SolutionProperties) = preSolution
		HideSolutionNode = FALSE
	EndGlobalSection
	GlobalSection(ExtensibilityGlobals) = postSolution
		SolutionGuid = {4D621267-4FED-4004-8BC4-220EC66304D5}
	EndGlobalSection
EndGlobal
